// !$*UTF8*$!
{
	archiveVersion = 1;
	classes = {
	};
	objectVersion = 55;
	objects = {

/* Begin PBXBuildFile section */
		74A466304D4319A79D3F79A4 /* Pods_RealmDB.framework in Frameworks */ = {isa = PBXBuildFile; fileRef = 172ADB0FC759686CA4B89645 /* Pods_RealmDB.framework */; };
		EADC09AD277DD20E009D10ED /* Extensions.swift in Sources */ = {isa = PBXBuildFile; fileRef = EADC09AC277DD20E009D10ED /* Extensions.swift */; };
		EADC09AF277DD699009D10ED /* XibView.swift in Sources */ = {isa = PBXBuildFile; fileRef = EADC09AE277DD699009D10ED /* XibView.swift */; };
		EAF4B69C277C830800493CC8 /* AppDelegate.swift in Sources */ = {isa = PBXBuildFile; fileRef = EAF4B69B277C830800493CC8 /* AppDelegate.swift */; };
		EAF4B69E277C830800493CC8 /* SceneDelegate.swift in Sources */ = {isa = PBXBuildFile; fileRef = EAF4B69D277C830800493CC8 /* SceneDelegate.swift */; };
		EAF4B6A0277C830800493CC8 /* EventViewController.swift in Sources */ = {isa = PBXBuildFile; fileRef = EAF4B69F277C830800493CC8 /* EventViewController.swift */; };
		EAF4B6A3277C830800493CC8 /* Main.storyboard in Resources */ = {isa = PBXBuildFile; fileRef = EAF4B6A1277C830800493CC8 /* Main.storyboard */; };
		EAF4B6A5277C830C00493CC8 /* Assets.xcassets in Resources */ = {isa = PBXBuildFile; fileRef = EAF4B6A4277C830C00493CC8 /* Assets.xcassets */; };
		EAF4B6A8277C830C00493CC8 /* LaunchScreen.storyboard in Resources */ = {isa = PBXBuildFile; fileRef = EAF4B6A6277C830C00493CC8 /* LaunchScreen.storyboard */; };
		EAF4B6B2277C86B200493CC8 /* EventTableViewCell.swift in Sources */ = {isa = PBXBuildFile; fileRef = EAF4B6B0277C86B200493CC8 /* EventTableViewCell.swift */; };
		EAF4B6B3277C86B200493CC8 /* EventTableViewCell.xib in Resources */ = {isa = PBXBuildFile; fileRef = EAF4B6B1277C86B200493CC8 /* EventTableViewCell.xib */; };
		EAF4B6B8277C8D9F00493CC8 /* EventViewModel.swift in Sources */ = {isa = PBXBuildFile; fileRef = EAF4B6B7277C8D9F00493CC8 /* EventViewModel.swift */; };
		EAF4B6BE277C92E700493CC8 /* EventModel.swift in Sources */ = {isa = PBXBuildFile; fileRef = EAF4B6BD277C92E700493CC8 /* EventModel.swift */; };
		EAF4B6C0277C936B00493CC8 /* CreateEventViewController.swift in Sources */ = {isa = PBXBuildFile; fileRef = EAF4B6BF277C936B00493CC8 /* CreateEventViewController.swift */; };
/* End PBXBuildFile section */

/* Begin PBXFileReference section */
		172ADB0FC759686CA4B89645 /* Pods_RealmDB.framework */ = {isa = PBXFileReference; explicitFileType = wrapper.framework; includeInIndex = 0; path = Pods_RealmDB.framework; sourceTree = BUILT_PRODUCTS_DIR; };
		269096816DE624CDA323E9CB /* Pods-RealmDB.debug.xcconfig */ = {isa = PBXFileReference; includeInIndex = 1; lastKnownFileType = text.xcconfig; name = "Pods-RealmDB.debug.xcconfig"; path = "Target Support Files/Pods-RealmDB/Pods-RealmDB.debug.xcconfig"; sourceTree = "<group>"; };
		A2B8A8AEF39C9C648499C78D /* Pods-RealmDB.release.xcconfig */ = {isa = PBXFileReference; includeInIndex = 1; lastKnownFileType = text.xcconfig; name = "Pods-RealmDB.release.xcconfig"; path = "Target Support Files/Pods-RealmDB/Pods-RealmDB.release.xcconfig"; sourceTree = "<group>"; };
		EADC09AC277DD20E009D10ED /* Extensions.swift */ = {isa = PBXFileReference; lastKnownFileType = sourcecode.swift; path = Extensions.swift; sourceTree = "<group>"; };
		EADC09AE277DD699009D10ED /* XibView.swift */ = {isa = PBXFileReference; lastKnownFileType = sourcecode.swift; path = XibView.swift; sourceTree = "<group>"; };
		EAF4B698277C830800493CC8 /* RealmDB.app */ = {isa = PBXFileReference; explicitFileType = wrapper.application; includeInIndex = 0; path = RealmDB.app; sourceTree = BUILT_PRODUCTS_DIR; };
		EAF4B69B277C830800493CC8 /* AppDelegate.swift */ = {isa = PBXFileReference; lastKnownFileType = sourcecode.swift; path = AppDelegate.swift; sourceTree = "<group>"; };
		EAF4B69D277C830800493CC8 /* SceneDelegate.swift */ = {isa = PBXFileReference; lastKnownFileType = sourcecode.swift; path = SceneDelegate.swift; sourceTree = "<group>"; };
		EAF4B69F277C830800493CC8 /* EventViewController.swift */ = {isa = PBXFileReference; lastKnownFileType = sourcecode.swift; path = EventViewController.swift; sourceTree = "<group>"; };
		EAF4B6A2277C830800493CC8 /* Base */ = {isa = PBXFileReference; lastKnownFileType = file.storyboard; name = Base; path = Base.lproj/Main.storyboard; sourceTree = "<group>"; };
		EAF4B6A4277C830C00493CC8 /* Assets.xcassets */ = {isa = PBXFileReference; lastKnownFileType = folder.assetcatalog; path = Assets.xcassets; sourceTree = "<group>"; };
		EAF4B6A7277C830C00493CC8 /* Base */ = {isa = PBXFileReference; lastKnownFileType = file.storyboard; name = Base; path = Base.lproj/LaunchScreen.storyboard; sourceTree = "<group>"; };
		EAF4B6A9277C830C00493CC8 /* Info.plist */ = {isa = PBXFileReference; lastKnownFileType = text.plist.xml; path = Info.plist; sourceTree = "<group>"; };
		EAF4B6B0277C86B200493CC8 /* EventTableViewCell.swift */ = {isa = PBXFileReference; lastKnownFileType = sourcecode.swift; path = EventTableViewCell.swift; sourceTree = "<group>"; };
		EAF4B6B1277C86B200493CC8 /* EventTableViewCell.xib */ = {isa = PBXFileReference; lastKnownFileType = file.xib; path = EventTableViewCell.xib; sourceTree = "<group>"; };
		EAF4B6B7277C8D9F00493CC8 /* EventViewModel.swift */ = {isa = PBXFileReference; lastKnownFileType = sourcecode.swift; path = EventViewModel.swift; sourceTree = "<group>"; };
		EAF4B6BD277C92E700493CC8 /* EventModel.swift */ = {isa = PBXFileReference; lastKnownFileType = sourcecode.swift; path = EventModel.swift; sourceTree = "<group>"; };
		EAF4B6BF277C936B00493CC8 /* CreateEventViewController.swift */ = {isa = PBXFileReference; lastKnownFileType = sourcecode.swift; path = CreateEventViewController.swift; sourceTree = "<group>"; };
/* End PBXFileReference section */

/* Begin PBXFrameworksBuildPhase section */
		EAF4B695277C830800493CC8 /* Frameworks */ = {
			isa = PBXFrameworksBuildPhase;
			buildActionMask = 2147483647;
			files = (
				74A466304D4319A79D3F79A4 /* Pods_RealmDB.framework in Frameworks */,
			);
			runOnlyForDeploymentPostprocessing = 0;
		};
/* End PBXFrameworksBuildPhase section */

/* Begin PBXGroup section */
		C98865CE8B39E20D608671E0 /* Frameworks */ = {
			isa = PBXGroup;
			children = (
				172ADB0FC759686CA4B89645 /* Pods_RealmDB.framework */,
			);
			name = Frameworks;
			sourceTree = "<group>";
		};
		D43464C88A2286BCF5F90FB5 /* Pods */ = {
			isa = PBXGroup;
			children = (
				269096816DE624CDA323E9CB /* Pods-RealmDB.debug.xcconfig */,
				A2B8A8AEF39C9C648499C78D /* Pods-RealmDB.release.xcconfig */,
			);
			path = Pods;
			sourceTree = "<group>";
		};
		EAF4B68F277C830800493CC8 = {
			isa = PBXGroup;
			children = (
				EAF4B69A277C830800493CC8 /* RealmDB */,
				EAF4B699277C830800493CC8 /* Products */,
				D43464C88A2286BCF5F90FB5 /* Pods */,
				C98865CE8B39E20D608671E0 /* Frameworks */,
			);
			sourceTree = "<group>";
		};
		EAF4B699277C830800493CC8 /* Products */ = {
			isa = PBXGroup;
			children = (
				EAF4B698277C830800493CC8 /* RealmDB.app */,
			);
			name = Products;
			sourceTree = "<group>";
		};
		EAF4B69A277C830800493CC8 /* RealmDB */ = {
			isa = PBXGroup;
			children = (
				EAF4B6BC277C92D700493CC8 /* Model */,
				EAF4B6B5277C8BAB00493CC8 /* ViewModels */,
				EAF4B6B4277C8B9700493CC8 /* Controllers */,
				EAF4B6AF277C867100493CC8 /* Cells */,
				EAF4B6B6277C8BB900493CC8 /* Others */,
				EAF4B6A1277C830800493CC8 /* Main.storyboard */,
				EAF4B6A6277C830C00493CC8 /* LaunchScreen.storyboard */,
				EAF4B6A4277C830C00493CC8 /* Assets.xcassets */,
				EAF4B6A9277C830C00493CC8 /* Info.plist */,
				EADC09AC277DD20E009D10ED /* Extensions.swift */,
				EADC09AE277DD699009D10ED /* XibView.swift */,
			);
			path = RealmDB;
			sourceTree = "<group>";
		};
		EAF4B6AF277C867100493CC8 /* Cells */ = {
			isa = PBXGroup;
			children = (
				EAF4B6B0277C86B200493CC8 /* EventTableViewCell.swift */,
				EAF4B6B1277C86B200493CC8 /* EventTableViewCell.xib */,
			);
			path = Cells;
			sourceTree = "<group>";
		};
		EAF4B6B4277C8B9700493CC8 /* Controllers */ = {
			isa = PBXGroup;
			children = (
				EAF4B69F277C830800493CC8 /* EventViewController.swift */,
				EAF4B6BF277C936B00493CC8 /* CreateEventViewController.swift */,
			);
			path = Controllers;
			sourceTree = "<group>";
		};
		EAF4B6B5277C8BAB00493CC8 /* ViewModels */ = {
			isa = PBXGroup;
			children = (
				EAF4B6B7277C8D9F00493CC8 /* EventViewModel.swift */,
			);
			path = ViewModels;
			sourceTree = "<group>";
		};
		EAF4B6B6277C8BB900493CC8 /* Others */ = {
			isa = PBXGroup;
			children = (
				EAF4B69B277C830800493CC8 /* AppDelegate.swift */,
				EAF4B69D277C830800493CC8 /* SceneDelegate.swift */,
			);
			path = Others;
			sourceTree = "<group>";
		};
		EAF4B6BC277C92D700493CC8 /* Model */ = {
			isa = PBXGroup;
			children = (
				EAF4B6BD277C92E700493CC8 /* EventModel.swift */,
			);
			path = Model;
			sourceTree = "<group>";
		};
/* End PBXGroup section */

/* Begin PBXNativeTarget section */
		EAF4B697277C830800493CC8 /* RealmDB */ = {
			isa = PBXNativeTarget;
			buildConfigurationList = EAF4B6AC277C830C00493CC8 /* Build configuration list for PBXNativeTarget "RealmDB" */;
			buildPhases = (
				148F92DDE69F28CA3EF3E077 /* [CP] Check Pods Manifest.lock */,
				EAF4B694277C830800493CC8 /* Sources */,
				EAF4B695277C830800493CC8 /* Frameworks */,
				EAF4B696277C830800493CC8 /* Resources */,
				315C003447F54A724E5CF962 /* [CP] Embed Pods Frameworks */,
			);
			buildRules = (
			);
			dependencies = (
			);
			name = RealmDB;
			productName = RealmDB;
			productReference = EAF4B698277C830800493CC8 /* RealmDB.app */;
			productType = "com.apple.product-type.application";
		};
/* End PBXNativeTarget section */

/* Begin PBXProject section */
		EAF4B690277C830800493CC8 /* Project object */ = {
			isa = PBXProject;
			attributes = {
				BuildIndependentTargetsInParallel = 1;
				LastSwiftUpdateCheck = 1300;
				LastUpgradeCheck = 1300;
				TargetAttributes = {
					EAF4B697277C830800493CC8 = {
						CreatedOnToolsVersion = 13.0;
					};
				};
			};
			buildConfigurationList = EAF4B693277C830800493CC8 /* Build configuration list for PBXProject "RealmDB" */;
			compatibilityVersion = "Xcode 13.0";
			developmentRegion = en;
			hasScannedForEncodings = 0;
			knownRegions = (
				en,
				Base,
			);
			mainGroup = EAF4B68F277C830800493CC8;
			productRefGroup = EAF4B699277C830800493CC8 /* Products */;
			projectDirPath = "";
			projectRoot = "";
			targets = (
				EAF4B697277C830800493CC8 /* RealmDB */,
			);
		};
/* End PBXProject section */

/* Begin PBXResourcesBuildPhase section */
		EAF4B696277C830800493CC8 /* Resources */ = {
			isa = PBXResourcesBuildPhase;
			buildActionMask = 2147483647;
			files = (
				EAF4B6B3277C86B200493CC8 /* EventTableViewCell.xib in Resources */,
				EAF4B6A8277C830C00493CC8 /* LaunchScreen.storyboard in Resources */,
				EAF4B6A5277C830C00493CC8 /* Assets.xcassets in Resources */,
				EAF4B6A3277C830800493CC8 /* Main.storyboard in Resources */,
			);
			runOnlyForDeploymentPostprocessing = 0;
		};
/* End PBXResourcesBuildPhase section */

/* Begin PBXShellScriptBuildPhase section */
		148F92DDE69F28CA3EF3E077 /* [CP] Check Pods Manifest.lock */ = {
			isa = PBXShellScriptBuildPhase;
			buildActionMask = 2147483647;
			files = (
			);
			inputFileListPaths = (
			);
			inputPaths = (
				"${PODS_PODFILE_DIR_PATH}/Podfile.lock",
				"${PODS_ROOT}/Manifest.lock",
			);
			name = "[CP] Check Pods Manifest.lock";
			outputFileListPaths = (
			);
			outputPaths = (
				"$(DERIVED_FILE_DIR)/Pods-RealmDB-checkManifestLockResult.txt",
			);
			runOnlyForDeploymentPostprocessing = 0;
			shellPath = /bin/sh;
			shellScript = "diff \"${PODS_PODFILE_DIR_PATH}/Podfile.lock\" \"${PODS_ROOT}/Manifest.lock\" > /dev/null\nif [ $? != 0 ] ; then\n    # print error to STDERR\n    echo \"error: The sandbox is not in sync with the Podfile.lock. Run 'pod install' or update your CocoaPods installation.\" >&2\n    exit 1\nfi\n# This output is used by Xcode 'outputs' to avoid re-running this script phase.\necho \"SUCCESS\" > \"${SCRIPT_OUTPUT_FILE_0}\"\n";
			showEnvVarsInLog = 0;
		};
		315C003447F54A724E5CF962 /* [CP] Embed Pods Frameworks */ = {
			isa = PBXShellScriptBuildPhase;
			buildActionMask = 2147483647;
			files = (
			);
			inputFileListPaths = (
				"${PODS_ROOT}/Target Support Files/Pods-RealmDB/Pods-RealmDB-frameworks-${CONFIGURATION}-input-files.xcfilelist",
			);
			name = "[CP] Embed Pods Frameworks";
			outputFileListPaths = (
				"${PODS_ROOT}/Target Support Files/Pods-RealmDB/Pods-RealmDB-frameworks-${CONFIGURATION}-output-files.xcfilelist",
			);
			runOnlyForDeploymentPostprocessing = 0;
			shellPath = /bin/sh;
			shellScript = "\"${PODS_ROOT}/Target Support Files/Pods-RealmDB/Pods-RealmDB-frameworks.sh\"\n";
			showEnvVarsInLog = 0;
		};
/* End PBXShellScriptBuildPhase section */

/* Begin PBXSourcesBuildPhase section */
		EAF4B694277C830800493CC8 /* Sources */ = {
			isa = PBXSourcesBuildPhase;
			buildActionMask = 2147483647;
			files = (
				EAF4B6B2277C86B200493CC8 /* EventTableViewCell.swift in Sources */,
				EAF4B6A0277C830800493CC8 /* EventViewController.swift in Sources */,
				EAF4B69C277C830800493CC8 /* AppDelegate.swift in Sources */,
				EADC09AD277DD20E009D10ED /* Extensions.swift in Sources */,
				EAF4B6C0277C936B00493CC8 /* CreateEventViewController.swift in Sources */,
				EAF4B6B8277C8D9F00493CC8 /* EventViewModel.swift in Sources */,
				EAF4B6BE277C92E700493CC8 /* EventModel.swift in Sources */,
				EADC09AF277DD699009D10ED /* XibView.swift in Sources */,
				EAF4B69E277C830800493CC8 /* SceneDelegate.swift in Sources */,
			);
			runOnlyForDeploymentPostprocessing = 0;
		};
/* End PBXSourcesBuildPhase section */

/* Begin PBXVariantGroup section */
		EAF4B6A1277C830800493CC8 /* Main.storyboard */ = {
			isa = PBXVariantGroup;
			children = (
				EAF4B6A2277C830800493CC8 /* Base */,
			);
			name = Main.storyboard;
			sourceTree = "<group>";
		};
		EAF4B6A6277C830C00493CC8 /* LaunchScreen.storyboard */ = {
			isa = PBXVariantGroup;
			children = (
				EAF4B6A7277C830C00493CC8 /* Base */,
			);
			name = LaunchScreen.storyboard;
			sourceTree = "<group>";
		};
/* End PBXVariantGroup section */

/* Begin XCBuildConfiguration section */
		EAF4B6AA277C830C00493CC8 /* Debug */ = {
			isa = XCBuildConfiguration;
			buildSettings = {
				ALWAYS_SEARCH_USER_PATHS = NO;
				CLANG_ANALYZER_NONNULL = YES;
				CLANG_ANALYZER_NUMBER_OBJECT_CONVERSION = YES_AGGRESSIVE;
				CLANG_CXX_LANGUAGE_STANDARD = "gnu++17";
				CLANG_CXX_LIBRARY = "libc++";
				CLANG_ENABLE_MODULES = YES;
				CLANG_ENABLE_OBJC_ARC = YES;
				CLANG_ENABLE_OBJC_WEAK = YES;
				CLANG_WARN_BLOCK_CAPTURE_AUTORELEASING = YES;
				CLANG_WARN_BOOL_CONVERSION = YES;
				CLANG_WARN_COMMA = YES;
				CLANG_WARN_CONSTANT_CONVERSION = YES;
				CLANG_WARN_DEPRECATED_OBJC_IMPLEMENTATIONS = YES;
				CLANG_WARN_DIRECT_OBJC_ISA_USAGE = YES_ERROR;
				CLANG_WARN_DOCUMENTATION_COMMENTS = YES;
				CLANG_WARN_EMPTY_BODY = YES;
				CLANG_WARN_ENUM_CONVERSION = YES;
				CLANG_WARN_INFINITE_RECURSION = YES;
				CLANG_WARN_INT_CONVERSION = YES;
				CLANG_WARN_NON_LITERAL_NULL_CONVERSION = YES;
				CLANG_WARN_OBJC_IMPLICIT_RETAIN_SELF = YES;
				CLANG_WARN_OBJC_LITERAL_CONVERSION = YES;
				CLANG_WARN_OBJC_ROOT_CLASS = YES_ERROR;
				CLANG_WARN_QUOTED_INCLUDE_IN_FRAMEWORK_HEADER = YES;
				CLANG_WARN_RANGE_LOOP_ANALYSIS = YES;
				CLANG_WARN_STRICT_PROTOTYPES = YES;
				CLANG_WARN_SUSPICIOUS_MOVE = YES;
				CLANG_WARN_UNGUARDED_AVAILABILITY = YES_AGGRESSIVE;
				CLANG_WARN_UNREACHABLE_CODE = YES;
				CLANG_WARN__DUPLICATE_METHOD_MATCH = YES;
				COPY_PHASE_STRIP = NO;
				DEBUG_INFORMATION_FORMAT = dwarf;
				ENABLE_STRICT_OBJC_MSGSEND = YES;
				ENABLE_TESTABILITY = YES;
				GCC_C_LANGUAGE_STANDARD = gnu11;
				GCC_DYNAMIC_NO_PIC = NO;
				GCC_NO_COMMON_BLOCKS = YES;
				GCC_OPTIMIZATION_LEVEL = 0;
				GCC_PREPROCESSOR_DEFINITIONS = (
					"DEBUG=1",
					"$(inherited)",
				);
				GCC_WARN_64_TO_32_BIT_CONVERSION = YES;
				GCC_WARN_ABOUT_RETURN_TYPE = YES_ERROR;
				GCC_WARN_UNDECLARED_SELECTOR = YES;
				GCC_WARN_UNINITIALIZED_AUTOS = YES_AGGRESSIVE;
				GCC_WARN_UNUSED_FUNCTION = YES;
				GCC_WARN_UNUSED_VARIABLE = YES;
				IPHONEOS_DEPLOYMENT_TARGET = 15.0;
				MTL_ENABLE_DEBUG_INFO = INCLUDE_SOURCE;
				MTL_FAST_MATH = YES;
				ONLY_ACTIVE_ARCH = YES;
				SDKROOT = iphoneos;
				SWIFT_ACTIVE_COMPILATION_CONDITIONS = DEBUG;
				SWIFT_OPTIMIZATION_LEVEL = "-Onone";
			};
			name = Debug;
		};
		EAF4B6AB277C830C00493CC8 /* Release */ = {
			isa = XCBuildConfiguration;
			buildSettings = {
				ALWAYS_SEARCH_USER_PATHS = NO;
				CLANG_ANALYZER_NONNULL = YES;
				CLANG_ANALYZER_NUMBER_OBJECT_CONVERSION = YES_AGGRESSIVE;
				CLANG_CXX_LANGUAGE_STANDARD = "gnu++17";
				CLANG_CXX_LIBRARY = "libc++";
				CLANG_ENABLE_MODULES = YES;
				CLANG_ENABLE_OBJC_ARC = YES;
				CLANG_ENABLE_OBJC_WEAK = YES;
				CLANG_WARN_BLOCK_CAPTURE_AUTORELEASING = YES;
				CLANG_WARN_BOOL_CONVERSION = YES;
				CLANG_WARN_COMMA = YES;
				CLANG_WARN_CONSTANT_CONVERSION = YES;
				CLANG_WARN_DEPRECATED_OBJC_IMPLEMENTATIONS = YES;
				CLANG_WARN_DIRECT_OBJC_ISA_USAGE = YES_ERROR;
				CLANG_WARN_DOCUMENTATION_COMMENTS = YES;
				CLANG_WARN_EMPTY_BODY = YES;
				CLANG_WARN_ENUM_CONVERSION = YES;
				CLANG_WARN_INFINITE_RECURSION = YES;
				CLANG_WARN_INT_CONVERSION = YES;
				CLANG_WARN_NON_LITERAL_NULL_CONVERSION = YES;
				CLANG_WARN_OBJC_IMPLICIT_RETAIN_SELF = YES;
				CLANG_WARN_OBJC_LITERAL_CONVERSION = YES;
				CLANG_WARN_OBJC_ROOT_CLASS = YES_ERROR;
				CLANG_WARN_QUOTED_INCLUDE_IN_FRAMEWORK_HEADER = YES;
				CLANG_WARN_RANGE_LOOP_ANALYSIS = YES;
				CLANG_WARN_STRICT_PROTOTYPES = YES;
				CLANG_WARN_SUSPICIOUS_MOVE = YES;
				CLANG_WARN_UNGUARDED_AVAILABILITY = YES_AGGRESSIVE;
				CLANG_WARN_UNREACHABLE_CODE = YES;
				CLANG_WARN__DUPLICATE_METHOD_MATCH = YES;
				COPY_PHASE_STRIP = NO;
				DEBUG_INFORMATION_FORMAT = "dwarf-with-dsym";
				ENABLE_NS_ASSERTIONS = NO;
				ENABLE_STRICT_OBJC_MSGSEND = YES;
				GCC_C_LANGUAGE_STANDARD = gnu11;
				GCC_NO_COMMON_BLOCKS = YES;
				GCC_WARN_64_TO_32_BIT_CONVERSION = YES;
				GCC_WARN_ABOUT_RETURN_TYPE = YES_ERROR;
				GCC_WARN_UNDECLARED_SELECTOR = YES;
				GCC_WARN_UNINITIALIZED_AUTOS = YES_AGGRESSIVE;
				GCC_WARN_UNUSED_FUNCTION = YES;
				GCC_WARN_UNUSED_VARIABLE = YES;
				IPHONEOS_DEPLOYMENT_TARGET = 15.0;
				MTL_ENABLE_DEBUG_INFO = NO;
				MTL_FAST_MATH = YES;
				SDKROOT = iphoneos;
				SWIFT_COMPILATION_MODE = wholemodule;
				SWIFT_OPTIMIZATION_LEVEL = "-O";
				VALIDATE_PRODUCT = YES;
			};
			name = Release;
		};
		EAF4B6AD277C830C00493CC8 /* Debug */ = {
			isa = XCBuildConfiguration;
			baseConfigurationReference = 269096816DE624CDA323E9CB /* Pods-RealmDB.debug.xcconfig */;
			buildSettings = {
				ASSETCATALOG_COMPILER_APPICON_NAME = AppIcon;
				ASSETCATALOG_COMPILER_GLOBAL_ACCENT_COLOR_NAME = AccentColor;
				CODE_SIGN_STYLE = Automatic;
				CURRENT_PROJECT_VERSION = 1;
				DEVELOPMENT_TEAM = 8WMHQ3J6DZ;
				GENERATE_INFOPLIST_FILE = YES;
				INFOPLIST_FILE = RealmDB/Info.plist;
				INFOPLIST_KEY_UIApplicationSupportsIndirectInputEvents = YES;
				INFOPLIST_KEY_UILaunchStoryboardName = LaunchScreen;
				INFOPLIST_KEY_UIMainStoryboardFile = Main;
				INFOPLIST_KEY_UISupportedInterfaceOrientations_iPad = "UIInterfaceOrientationPortrait UIInterfaceOrientationPortraitUpsideDown UIInterfaceOrientationLandscapeLeft UIInterfaceOrientationLandscapeRight";
				INFOPLIST_KEY_UISupportedInterfaceOrientations_iPhone = "UIInterfaceOrientationPortrait UIInterfaceOrientationLandscapeLeft UIInterfaceOrientationLandscapeRight";
				LD_RUNPATH_SEARCH_PATHS = (
					"$(inherited)",
					"@executable_path/Frameworks",
				);
				MARKETING_VERSION = 1.0;
				PRODUCT_BUNDLE_IDENTIFIER = ekremozkaraca.RealmDB;
				PRODUCT_NAME = "$(TARGET_NAME)";
				SWIFT_EMIT_LOC_STRINGS = YES;
				SWIFT_VERSION = 5.0;
				TARGETED_DEVICE_FAMILY = "1,2";
			};
			name = Debug;
		};
		EAF4B6AE277C830C00493CC8 /* Release */ = {
			isa = XCBuildConfiguration;
			baseConfigurationReference = A2B8A8AEF39C9C648499C78D /* Pods-RealmDB.release.xcconfig */;
			buildSettings = {
				ASSETCATALOG_COMPILER_APPICON_NAME = AppIcon;
				ASSETCATALOG_COMPILER_GLOBAL_ACCENT_COLOR_NAME = AccentColor;
				CODE_SIGN_STYLE = Automatic;
				CURRENT_PROJECT_VERSION = 1;
				DEVELOPMENT_TEAM = 8WMHQ3J6DZ;
				GENERATE_INFOPLIST_FILE = YES;
				INFOPLIST_FILE = RealmDB/Info.plist;
				INFOPLIST_KEY_UIApplicationSupportsIndirectInputEvents = YES;
				INFOPLIST_KEY_UILaunchStoryboardName = LaunchScreen;
				INFOPLIST_KEY_UIMainStoryboardFile = Main;
				INFOPLIST_KEY_UISupportedInterfaceOrientations_iPad = "UIInterfaceOrientationPortrait UIInterfaceOrientationPortraitUpsideDown UIInterfaceOrientationLandscapeLeft UIInterfaceOrientationLandscapeRight";
				INFOPLIST_KEY_UISupportedInterfaceOrientations_iPhone = "UIInterfaceOrientationPortrait UIInterfaceOrientationLandscapeLeft UIInterfaceOrientationLandscapeRight";
				LD_RUNPATH_SEARCH_PATHS = (
					"$(inherited)",
					"@executable_path/Frameworks",
				);
				MARKETING_VERSION = 1.0;
				PRODUCT_BUNDLE_IDENTIFIER = ekremozkaraca.RealmDB;
				PRODUCT_NAME = "$(TARGET_NAME)";
				SWIFT_EMIT_LOC_STRINGS = YES;
				SWIFT_VERSION = 5.0;
				TARGETED_DEVICE_FAMILY = "1,2";
			};
			name = Release;
		};
/* End XCBuildConfiguration section */

/* Begin XCConfigurationList section */
		EAF4B693277C830800493CC8 /* Build configuration list for PBXProject "RealmDB" */ = {
			isa = XCConfigurationList;
			buildConfigurations = (
				EAF4B6AA277C830C00493CC8 /* Debug */,
				EAF4B6AB277C830C00493CC8 /* Release */,
			);
			defaultConfigurationIsVisible = 0;
			defaultConfigurationName = Release;
		};
		EAF4B6AC277C830C00493CC8 /* Build configuration list for PBXNativeTarget "RealmDB" */ = {
			isa = XCConfigurationList;
			buildConfigurations = (
				EAF4B6AD277C830C00493CC8 /* Debug */,
				EAF4B6AE277C830C00493CC8 /* Release */,
			);
			defaultConfigurationIsVisible = 0;
			defaultConfigurationName = Release;
		};
/* End XCConfigurationList section */
	};
	rootObject = EAF4B690277C830800493CC8 /* Project object */;
}
